
Microsoft Visual Studio Solution File, Format Version 12.00
# Visual Studio Version 16
VisualStudioVersion = 16.0.29418.71
MinimumVisualStudioVersion = 10.0.40219.1
Project("{9A19103F-16F7-4668-BE54-9A1E7A4F7556}") = "RxProducer", "RxProducer\RxProducer.csproj", "{5F5A044B-D590-4423-9A28-14F91FD9C85F}"
EndProject
Project("{9A19103F-16F7-4668-BE54-9A1E7A4F7556}") = "MedHistoryService", "MedHistoryService\MedHistoryService.csproj", "{981972EF-34B4-43B4-B8BB-ADBFED9DFFBE}"
EndProject
Project("{9A19103F-16F7-4668-BE54-9A1E7A4F7556}") = "PatientService", "PatientService\PatientService.csproj", "{0D1C1909-ADD3-4C58-9B40-9CEC8E8926EC}"
EndProject
Project("{9A19103F-16F7-4668-BE54-9A1E7A4F7556}") = "DomainEvents", "DomainEvents\DomainEvents.csproj", "{D4A7B9FC-E7F1-4732-B294-A5A1996755AA}"
EndProject
Project("{2150E333-8FDC-42A3-9474-1A3956D46DE8}") = "deploy", "deploy", "{1A858776-DC71-43C0-9B07-82C6C71F0446}"
	ProjectSection(SolutionItems) = preProject
		deploy\medhistoryservice-deployment.yaml = deploy\medhistoryservice-deployment.yaml
		deploy\patientservice-deployment.yaml = deploy\patientservice-deployment.yaml
		deploy\rxproducer-deployment.yaml = deploy\rxproducer-deployment.yaml
	EndProjectSection
EndProject
Global
	GlobalSection(SolutionConfigurationPlatforms) = preSolution
		Debug|Any CPU = Debug|Any CPU
		Release|Any CPU = Release|Any CPU
	EndGlobalSection
	GlobalSection(ProjectConfigurationPlatforms) = postSolution
		{5F5A044B-D590-4423-9A28-14F91FD9C85F}.Debug|Any CPU.ActiveCfg = Debug|Any CPU
		{5F5A044B-D590-4423-9A28-14F91FD9C85F}.Debug|Any CPU.Build.0 = Debug|Any CPU
		{5F5A044B-D590-4423-9A28-14F91FD9C85F}.Release|Any CPU.ActiveCfg = Release|Any CPU
		{5F5A044B-D590-4423-9A28-14F91FD9C85F}.Release|Any CPU.Build.0 = Release|Any CPU
		{981972EF-34B4-43B4-B8BB-ADBFED9DFFBE}.Debug|Any CPU.ActiveCfg = Debug|Any CPU
		{981972EF-34B4-43B4-B8BB-ADBFED9DFFBE}.Debug|Any CPU.Build.0 = Debug|Any CPU
		{981972EF-34B4-43B4-B8BB-ADBFED9DFFBE}.Release|Any CPU.ActiveCfg = Release|Any CPU
		{981972EF-34B4-43B4-B8BB-ADBFED9DFFBE}.Release|Any CPU.Build.0 = Release|Any CPU
		{0D1C1909-ADD3-4C58-9B40-9CEC8E8926EC}.Debug|Any CPU.ActiveCfg = Debug|Any CPU
		{0D1C1909-ADD3-4C58-9B40-9CEC8E8926EC}.Debug|Any CPU.Build.0 = Debug|Any CPU
		{0D1C1909-ADD3-4C58-9B40-9CEC8E8926EC}.Release|Any CPU.ActiveCfg = Release|Any CPU
		{0D1C1909-ADD3-4C58-9B40-9CEC8E8926EC}.Release|Any CPU.Build.0 = Release|Any CPU
		{D4A7B9FC-E7F1-4732-B294-A5A1996755AA}.Debug|Any CPU.ActiveCfg = Debug|Any CPU
		{D4A7B9FC-E7F1-4732-B294-A5A1996755AA}.Debug|Any CPU.Build.0 = Debug|Any CPU
		{D4A7B9FC-E7F1-4732-B294-A5A1996755AA}.Release|Any CPU.ActiveCfg = Release|Any CPU
		{D4A7B9FC-E7F1-4732-B294-A5A1996755AA}.Release|Any CPU.Build.0 = Release|Any CPU
	EndGlobalSection
	GlobalSection(SolutionProperties) = preSolution
		HideSolutionNode = FALSE
	EndGlobalSection
	GlobalSection(ExtensibilityGlobals) = postSolution
		SolutionGuid = {4A375677-0279-49A2-8284-FCD4C392F010}
	EndGlobalSection
EndGlobal
